
Microsoft Visual Studio Solution File, Format Version 12.00
# Visual Studio Version 17
VisualStudioVersion = 17.3.32929.385
MinimumVisualStudioVersion = 10.0.40219.1
Project("{FAE04EC0-301F-11D3-BF4B-00C04F79EFBC}") = "PockemonReviewApp", "PockemonReviewApp\PockemonReviewApp.csproj", "{239BEF15-9D82-47E6-BD88-556D8B43FA1F}"
EndProject
Global
	GlobalSection(SolutionConfigurationPlatforms) = preSolution
		Debug|Any CPU = Debug|Any CPU
		Release|Any CPU = Release|Any CPU
	EndGlobalSection
	GlobalSection(ProjectConfigurationPlatforms) = postSolution
		{239BEF15-9D82-47E6-BD88-556D8B43FA1F}.Debug|Any CPU.ActiveCfg = Debug|Any CPU
		{239BEF15-9D82-47E6-BD88-556D8B43FA1F}.Debug|Any CPU.Build.0 = Debug|Any CPU
		{239BEF15-9D82-47E6-BD88-556D8B43FA1F}.Release|Any CPU.ActiveCfg = Release|Any CPU
		{239BEF15-9D82-47E6-BD88-556D8B43FA1F}.Release|Any CPU.Build.0 = Release|Any CPU
	EndGlobalSection
	GlobalSection(SolutionProperties) = preSolution
		HideSolutionNode = FALSE
	EndGlobalSection
	GlobalSection(ExtensibilityGlobals) = postSolution
		SolutionGuid = {AB7134B5-02A9-4D35-BF65-D512255963C9}
	EndGlobalSection
EndGlobal
